
Microsoft Visual Studio Solution File, Format Version 12.00
# Visual Studio Version 17
VisualStudioVersion = 17.6.33723.286
MinimumVisualStudioVersion = 10.0.40219.1
Project("{FAE04EC0-301F-11D3-BF4B-00C04F79EFBC}") = "Arcwave.Events", "Arcwave.Events.csproj", "{D46279E9-F351-4E89-A06B-AF1B1D214F2C}"
EndProject
Global
	GlobalSection(SolutionConfigurationPlatforms) = preSolution
		Debug|Any CPU = Debug|Any CPU
		Release|Any CPU = Release|Any CPU
	EndGlobalSection
	GlobalSection(ProjectConfigurationPlatforms) = postSolution
		{D46279E9-F351-4E89-A06B-AF1B1D214F2C}.Debug|Any CPU.ActiveCfg = Debug|Any CPU
		{D46279E9-F351-4E89-A06B-AF1B1D214F2C}.Debug|Any CPU.Build.0 = Debug|Any CPU
		{D46279E9-F351-4E89-A06B-AF1B1D214F2C}.Release|Any CPU.ActiveCfg = Release|Any CPU
		{D46279E9-F351-4E89-A06B-AF1B1D214F2C}.Release|Any CPU.Build.0 = Release|Any CPU
	EndGlobalSection
	GlobalSection(SolutionProperties) = preSolution
		HideSolutionNode = FALSE
	EndGlobalSection
	GlobalSection(ExtensibilityGlobals) = postSolution
		SolutionGuid = {1C7B76A2-5970-4312-A5AA-D9433B5C5369}
	EndGlobalSection
EndGlobal
